
Microsoft Visual Studio Solution File, Format Version 12.00
# Visual Studio Version 17
VisualStudioVersion = 17.3.32922.545
MinimumVisualStudioVersion = 10.0.40219.1
Project("{FAE04EC0-301F-11D3-BF4B-00C04F79EFBC}") = "BadSimpleFileServer", "BadSimpleFileServer\BadSimpleFileServer.csproj", "{2C8F6400-7AE1-40A3-A157-AEF7113B21D1}"
EndProject
Global
	GlobalSection(SolutionConfigurationPlatforms) = preSolution
		Debug|Any CPU = Debug|Any CPU
		Release|Any CPU = Release|Any CPU
	EndGlobalSection
	GlobalSection(ProjectConfigurationPlatforms) = postSolution
		{2C8F6400-7AE1-40A3-A157-AEF7113B21D1}.Debug|Any CPU.ActiveCfg = Debug|Any CPU
		{2C8F6400-7AE1-40A3-A157-AEF7113B21D1}.Debug|Any CPU.Build.0 = Debug|Any CPU
		{2C8F6400-7AE1-40A3-A157-AEF7113B21D1}.Release|Any CPU.ActiveCfg = Release|Any CPU
		{2C8F6400-7AE1-40A3-A157-AEF7113B21D1}.Release|Any CPU.Build.0 = Release|Any CPU
	EndGlobalSection
	GlobalSection(SolutionProperties) = preSolution
		HideSolutionNode = FALSE
	EndGlobalSection
	GlobalSection(ExtensibilityGlobals) = postSolution
		SolutionGuid = {B11916FA-6013-4F87-BCCC-3493CF4FA11D}
	EndGlobalSection
EndGlobal
